
Microsoft Visual Studio Solution File, Format Version 12.00
# Visual Studio Version 16
VisualStudioVersion = 16.0.30717.126
MinimumVisualStudioVersion = 10.0.40219.1
Project("{9A19103F-16F7-4668-BE54-9A1E7A4F7556}") = "Web_BanXeMoTo", "Web_BanXeMoTo.csproj", "{EC33A9EB-D191-49C2-B741-35CD8C08B09A}"
EndProject
Global
	GlobalSection(SolutionConfigurationPlatforms) = preSolution
		Debug|Any CPU = Debug|Any CPU
		Release|Any CPU = Release|Any CPU
	EndGlobalSection
	GlobalSection(ProjectConfigurationPlatforms) = postSolution
		{EC33A9EB-D191-49C2-B741-35CD8C08B09A}.Debug|Any CPU.ActiveCfg = Debug|Any CPU
		{EC33A9EB-D191-49C2-B741-35CD8C08B09A}.Debug|Any CPU.Build.0 = Debug|Any CPU
		{EC33A9EB-D191-49C2-B741-35CD8C08B09A}.Release|Any CPU.ActiveCfg = Release|Any CPU
		{EC33A9EB-D191-49C2-B741-35CD8C08B09A}.Release|Any CPU.Build.0 = Release|Any CPU
	EndGlobalSection
	GlobalSection(SolutionProperties) = preSolution
		HideSolutionNode = FALSE
	EndGlobalSection
	GlobalSection(ExtensibilityGlobals) = postSolution
		SolutionGuid = {8F38833D-9C9B-436B-8A15-258BE95811F5}
	EndGlobalSection
EndGlobal
